// !$*UTF8*$!
{
	archiveVersion = 1;
	classes = {
	};
	objectVersion = 56;
	objects = {

/* Begin PBXBuildFile section */
		D9691C232AB8C79E00A908E8 /* AppDelegate.swift in Sources */ = {isa = PBXBuildFile; fileRef = D9691C222AB8C79E00A908E8 /* AppDelegate.swift */; };
		D9691C252AB8C79E00A908E8 /* SceneDelegate.swift in Sources */ = {isa = PBXBuildFile; fileRef = D9691C242AB8C79E00A908E8 /* SceneDelegate.swift */; };
		D9691C272AB8C79E00A908E8 /* MenuViewController.swift in Sources */ = {isa = PBXBuildFile; fileRef = D9691C262AB8C79E00A908E8 /* MenuViewController.swift */; };
		D9691C2C2AB8C79F00A908E8 /* Assets.xcassets in Resources */ = {isa = PBXBuildFile; fileRef = D9691C2B2AB8C79F00A908E8 /* Assets.xcassets */; };
		D9691C3C2AB8CEAE00A908E8 /* ViewModel.swift in Sources */ = {isa = PBXBuildFile; fileRef = D9691C3B2AB8CEAE00A908E8 /* ViewModel.swift */; };
		D9691C3E2AB8D87600A908E8 /* Banco.swift in Sources */ = {isa = PBXBuildFile; fileRef = D9691C3D2AB8D87600A908E8 /* Banco.swift */; };
		D9691C402AB8F65F00A908E8 /* MenuView.swift in Sources */ = {isa = PBXBuildFile; fileRef = D9691C3F2AB8F65F00A908E8 /* MenuView.swift */; };
/* End PBXBuildFile section */

/* Begin PBXFileReference section */
		D9691C1F2AB8C79E00A908E8 /* FalaTu.app */ = {isa = PBXFileReference; explicitFileType = wrapper.application; includeInIndex = 0; path = FalaTu.app; sourceTree = BUILT_PRODUCTS_DIR; };
		D9691C222AB8C79E00A908E8 /* AppDelegate.swift */ = {isa = PBXFileReference; lastKnownFileType = sourcecode.swift; path = AppDelegate.swift; sourceTree = "<group>"; };
		D9691C242AB8C79E00A908E8 /* SceneDelegate.swift */ = {isa = PBXFileReference; lastKnownFileType = sourcecode.swift; path = SceneDelegate.swift; sourceTree = "<group>"; };
		D9691C262AB8C79E00A908E8 /* MenuViewController.swift */ = {isa = PBXFileReference; lastKnownFileType = sourcecode.swift; path = MenuViewController.swift; sourceTree = "<group>"; };
		D9691C2B2AB8C79F00A908E8 /* Assets.xcassets */ = {isa = PBXFileReference; lastKnownFileType = folder.assetcatalog; path = Assets.xcassets; sourceTree = "<group>"; };
		D9691C302AB8C79F00A908E8 /* Info.plist */ = {isa = PBXFileReference; lastKnownFileType = text.plist.xml; path = Info.plist; sourceTree = "<group>"; };
		D9691C3B2AB8CEAE00A908E8 /* ViewModel.swift */ = {isa = PBXFileReference; lastKnownFileType = sourcecode.swift; path = ViewModel.swift; sourceTree = "<group>"; };
		D9691C3D2AB8D87600A908E8 /* Banco.swift */ = {isa = PBXFileReference; lastKnownFileType = sourcecode.swift; name = Banco.swift; path = FalaTu/View/Protocols/Banco.swift; sourceTree = SOURCE_ROOT; };
		D9691C3F2AB8F65F00A908E8 /* MenuView.swift */ = {isa = PBXFileReference; lastKnownFileType = sourcecode.swift; path = MenuView.swift; sourceTree = "<group>"; };
/* End PBXFileReference section */

/* Begin PBXFrameworksBuildPhase section */
		D9691C1C2AB8C79E00A908E8 /* Frameworks */ = {
			isa = PBXFrameworksBuildPhase;
			buildActionMask = 2147483647;
			files = (
			);
			runOnlyForDeploymentPostprocessing = 0;
		};
/* End PBXFrameworksBuildPhase section */

/* Begin PBXGroup section */
		D9691C162AB8C79E00A908E8 = {
			isa = PBXGroup;
			children = (
				D9691C212AB8C79E00A908E8 /* FalaTu */,
				D9691C202AB8C79E00A908E8 /* Products */,
			);
			sourceTree = "<group>";
		};
		D9691C202AB8C79E00A908E8 /* Products */ = {
			isa = PBXGroup;
			children = (
				D9691C1F2AB8C79E00A908E8 /* FalaTu.app */,
			);
			name = Products;
			sourceTree = "<group>";
		};
		D9691C212AB8C79E00A908E8 /* FalaTu */ = {
			isa = PBXGroup;
			children = (
				D9691C362AB8C7FB00A908E8 /* Model */,
				D9691C372AB8C80400A908E8 /* View */,
				D9691C382AB8C80D00A908E8 /* Controller */,
				D9691C392AB8C82A00A908E8 /* System */,
				D9691C302AB8C79F00A908E8 /* Info.plist */,
			);
			path = FalaTu;
			sourceTree = "<group>";
		};
		D9691C362AB8C7FB00A908E8 /* Model */ = {
			isa = PBXGroup;
			children = (
				D9691C3D2AB8D87600A908E8 /* Banco.swift */,
			);
			path = Model;
			sourceTree = "<group>";
		};
		D9691C372AB8C80400A908E8 /* View */ = {
			isa = PBXGroup;
			children = (
				D9691C3A2AB8CE8900A908E8 /* Protocols */,
				D9691C3F2AB8F65F00A908E8 /* MenuView.swift */,
			);
			path = View;
			sourceTree = "<group>";
		};
		D9691C382AB8C80D00A908E8 /* Controller */ = {
			isa = PBXGroup;
			children = (
				D9691C262AB8C79E00A908E8 /* MenuViewController.swift */,
			);
			path = Controller;
			sourceTree = "<group>";
		};
		D9691C392AB8C82A00A908E8 /* System */ = {
			isa = PBXGroup;
			children = (
				D9691C222AB8C79E00A908E8 /* AppDelegate.swift */,
				D9691C242AB8C79E00A908E8 /* SceneDelegate.swift */,
				D9691C2B2AB8C79F00A908E8 /* Assets.xcassets */,
			);
			path = System;
			sourceTree = "<group>";
		};
		D9691C3A2AB8CE8900A908E8 /* Protocols */ = {
			isa = PBXGroup;
			children = (
				D9691C3B2AB8CEAE00A908E8 /* ViewModel.swift */,
			);
			path = Protocols;
			sourceTree = "<group>";
		};
/* End PBXGroup section */

/* Begin PBXNativeTarget section */
		D9691C1E2AB8C79E00A908E8 /* FalaTu */ = {
			isa = PBXNativeTarget;
			buildConfigurationList = D9691C332AB8C79F00A908E8 /* Build configuration list for PBXNativeTarget "FalaTu" */;
			buildPhases = (
				D9691C1B2AB8C79E00A908E8 /* Sources */,
				D9691C1C2AB8C79E00A908E8 /* Frameworks */,
				D9691C1D2AB8C79E00A908E8 /* Resources */,
			);
			buildRules = (
			);
			dependencies = (
			);
			name = FalaTu;
			productName = FalaTu;
			productReference = D9691C1F2AB8C79E00A908E8 /* FalaTu.app */;
			productType = "com.apple.product-type.application";
		};
/* End PBXNativeTarget section */

/* Begin PBXProject section */
		D9691C172AB8C79E00A908E8 /* Project object */ = {
			isa = PBXProject;
			attributes = {
				BuildIndependentTargetsInParallel = 1;
				LastSwiftUpdateCheck = 1430;
				LastUpgradeCheck = 1430;
				TargetAttributes = {
					D9691C1E2AB8C79E00A908E8 = {
						CreatedOnToolsVersion = 14.3.1;
					};
				};
			};
			buildConfigurationList = D9691C1A2AB8C79E00A908E8 /* Build configuration list for PBXProject "FalaTu" */;
			compatibilityVersion = "Xcode 14.0";
			developmentRegion = en;
			hasScannedForEncodings = 0;
			knownRegions = (
				en,
				Base,
			);
			mainGroup = D9691C162AB8C79E00A908E8;
			productRefGroup = D9691C202AB8C79E00A908E8 /* Products */;
			projectDirPath = "";
			projectRoot = "";
			targets = (
				D9691C1E2AB8C79E00A908E8 /* FalaTu */,
			);
		};
/* End PBXProject section */

/* Begin PBXResourcesBuildPhase section */
		D9691C1D2AB8C79E00A908E8 /* Resources */ = {
			isa = PBXResourcesBuildPhase;
			buildActionMask = 2147483647;
			files = (
				D9691C2C2AB8C79F00A908E8 /* Assets.xcassets in Resources */,
			);
			runOnlyForDeploymentPostprocessing = 0;
		};
/* End PBXResourcesBuildPhase section */

/* Begin PBXSourcesBuildPhase section */
		D9691C1B2AB8C79E00A908E8 /* Sources */ = {
			isa = PBXSourcesBuildPhase;
			buildActionMask = 2147483647;
			files = (
				D9691C272AB8C79E00A908E8 /* MenuViewController.swift in Sources */,
				D9691C402AB8F65F00A908E8 /* MenuView.swift in Sources */,
				D9691C232AB8C79E00A908E8 /* AppDelegate.swift in Sources */,
				D9691C3C2AB8CEAE00A908E8 /* ViewModel.swift in Sources */,
				D9691C252AB8C79E00A908E8 /* SceneDelegate.swift in Sources */,
				D9691C3E2AB8D87600A908E8 /* Banco.swift in Sources */,
			);
			runOnlyForDeploymentPostprocessing = 0;
		};
/* End PBXSourcesBuildPhase section */

/* Begin XCBuildConfiguration section */
		D9691C312AB8C79F00A908E8 /* Debug */ = {
			isa = XCBuildConfiguration;
			buildSettings = {
				ALWAYS_SEARCH_USER_PATHS = NO;
				CLANG_ANALYZER_NONNULL = YES;
				CLANG_ANALYZER_NUMBER_OBJECT_CONVERSION = YES_AGGRESSIVE;
				CLANG_CXX_LANGUAGE_STANDARD = "gnu++20";
				CLANG_ENABLE_MODULES = YES;
				CLANG_ENABLE_OBJC_ARC = YES;
				CLANG_ENABLE_OBJC_WEAK = YES;
				CLANG_WARN_BLOCK_CAPTURE_AUTORELEASING = YES;
				CLANG_WARN_BOOL_CONVERSION = YES;
				CLANG_WARN_COMMA = YES;
				CLANG_WARN_CONSTANT_CONVERSION = YES;
				CLANG_WARN_DEPRECATED_OBJC_IMPLEMENTATIONS = YES;
				CLANG_WARN_DIRECT_OBJC_ISA_USAGE = YES_ERROR;
				CLANG_WARN_DOCUMENTATION_COMMENTS = YES;
				CLANG_WARN_EMPTY_BODY = YES;
				CLANG_WARN_ENUM_CONVERSION = YES;
				CLANG_WARN_INFINITE_RECURSION = YES;
				CLANG_WARN_INT_CONVERSION = YES;
				CLANG_WARN_NON_LITERAL_NULL_CONVERSION = YES;
				CLANG_WARN_OBJC_IMPLICIT_RETAIN_SELF = YES;
				CLANG_WARN_OBJC_LITERAL_CONVERSION = YES;
				CLANG_WARN_OBJC_ROOT_CLASS = YES_ERROR;
				CLANG_WARN_QUOTED_INCLUDE_IN_FRAMEWORK_HEADER = YES;
				CLANG_WARN_RANGE_LOOP_ANALYSIS = YES;
				CLANG_WARN_STRICT_PROTOTYPES = YES;
				CLANG_WARN_SUSPICIOUS_MOVE = YES;
				CLANG_WARN_UNGUARDED_AVAILABILITY = YES_AGGRESSIVE;
				CLANG_WARN_UNREACHABLE_CODE = YES;
				CLANG_WARN__DUPLICATE_METHOD_MATCH = YES;
				COPY_PHASE_STRIP = NO;
				DEBUG_INFORMATION_FORMAT = dwarf;
				ENABLE_STRICT_OBJC_MSGSEND = YES;
				ENABLE_TESTABILITY = YES;
				GCC_C_LANGUAGE_STANDARD = gnu11;
				GCC_DYNAMIC_NO_PIC = NO;
				GCC_NO_COMMON_BLOCKS = YES;
				GCC_OPTIMIZATION_LEVEL = 0;
				GCC_PREPROCESSOR_DEFINITIONS = (
					"DEBUG=1",
					"$(inherited)",
				);
				GCC_WARN_64_TO_32_BIT_CONVERSION = YES;
				GCC_WARN_ABOUT_RETURN_TYPE = YES_ERROR;
				GCC_WARN_UNDECLARED_SELECTOR = YES;
				GCC_WARN_UNINITIALIZED_AUTOS = YES_AGGRESSIVE;
				GCC_WARN_UNUSED_FUNCTION = YES;
				GCC_WARN_UNUSED_VARIABLE = YES;
				IPHONEOS_DEPLOYMENT_TARGET = 15.0;
				MTL_ENABLE_DEBUG_INFO = INCLUDE_SOURCE;
				MTL_FAST_MATH = YES;
				ONLY_ACTIVE_ARCH = YES;
				SDKROOT = iphoneos;
				SWIFT_ACTIVE_COMPILATION_CONDITIONS = DEBUG;
				SWIFT_OPTIMIZATION_LEVEL = "-Onone";
			};
			name = Debug;
		};
		D9691C322AB8C79F00A908E8 /* Release */ = {
			isa = XCBuildConfiguration;
			buildSettings = {
				ALWAYS_SEARCH_USER_PATHS = NO;
				CLANG_ANALYZER_NONNULL = YES;
				CLANG_ANALYZER_NUMBER_OBJECT_CONVERSION = YES_AGGRESSIVE;
				CLANG_CXX_LANGUAGE_STANDARD = "gnu++20";
				CLANG_ENABLE_MODULES = YES;
				CLANG_ENABLE_OBJC_ARC = YES;
				CLANG_ENABLE_OBJC_WEAK = YES;
				CLANG_WARN_BLOCK_CAPTURE_AUTORELEASING = YES;
				CLANG_WARN_BOOL_CONVERSION = YES;
				CLANG_WARN_COMMA = YES;
				CLANG_WARN_CONSTANT_CONVERSION = YES;
				CLANG_WARN_DEPRECATED_OBJC_IMPLEMENTATIONS = YES;
				CLANG_WARN_DIRECT_OBJC_ISA_USAGE = YES_ERROR;
				CLANG_WARN_DOCUMENTATION_COMMENTS = YES;
				CLANG_WARN_EMPTY_BODY = YES;
				CLANG_WARN_ENUM_CONVERSION = YES;
				CLANG_WARN_INFINITE_RECURSION = YES;
				CLANG_WARN_INT_CONVERSION = YES;
				CLANG_WARN_NON_LITERAL_NULL_CONVERSION = YES;
				CLANG_WARN_OBJC_IMPLICIT_RETAIN_SELF = YES;
				CLANG_WARN_OBJC_LITERAL_CONVERSION = YES;
				CLANG_WARN_OBJC_ROOT_CLASS = YES_ERROR;
				CLANG_WARN_QUOTED_INCLUDE_IN_FRAMEWORK_HEADER = YES;
				CLANG_WARN_RANGE_LOOP_ANALYSIS = YES;
				CLANG_WARN_STRICT_PROTOTYPES = YES;
				CLANG_WARN_SUSPICIOUS_MOVE = YES;
				CLANG_WARN_UNGUARDED_AVAILABILITY = YES_AGGRESSIVE;
				CLANG_WARN_UNREACHABLE_CODE = YES;
				CLANG_WARN__DUPLICATE_METHOD_MATCH = YES;
				COPY_PHASE_STRIP = NO;
				DEBUG_INFORMATION_FORMAT = "dwarf-with-dsym";
				ENABLE_NS_ASSERTIONS = NO;
				ENABLE_STRICT_OBJC_MSGSEND = YES;
				GCC_C_LANGUAGE_STANDARD = gnu11;
				GCC_NO_COMMON_BLOCKS = YES;
				GCC_WARN_64_TO_32_BIT_CONVERSION = YES;
				GCC_WARN_ABOUT_RETURN_TYPE = YES_ERROR;
				GCC_WARN_UNDECLARED_SELECTOR = YES;
				GCC_WARN_UNINITIALIZED_AUTOS = YES_AGGRESSIVE;
				GCC_WARN_UNUSED_FUNCTION = YES;
				GCC_WARN_UNUSED_VARIABLE = YES;
				IPHONEOS_DEPLOYMENT_TARGET = 15.0;
				MTL_ENABLE_DEBUG_INFO = NO;
				MTL_FAST_MATH = YES;
				SDKROOT = iphoneos;
				SWIFT_COMPILATION_MODE = wholemodule;
				SWIFT_OPTIMIZATION_LEVEL = "-O";
				VALIDATE_PRODUCT = YES;
			};
			name = Release;
		};
		D9691C342AB8C79F00A908E8 /* Debug */ = {
			isa = XCBuildConfiguration;
			buildSettings = {
				ASSETCATALOG_COMPILER_APPICON_NAME = AppIcon;
				ASSETCATALOG_COMPILER_GLOBAL_ACCENT_COLOR_NAME = AccentColor;
				CODE_SIGN_STYLE = Automatic;
				CURRENT_PROJECT_VERSION = 1;
				DEVELOPMENT_TEAM = 335BRL9A43;
				GENERATE_INFOPLIST_FILE = YES;
				INFOPLIST_FILE = FalaTu/Info.plist;
				INFOPLIST_KEY_UIApplicationSupportsIndirectInputEvents = YES;
				INFOPLIST_KEY_UILaunchStoryboardName = LaunchScreen;
				INFOPLIST_KEY_UISupportedInterfaceOrientations_iPad = "UIInterfaceOrientationPortrait UIInterfaceOrientationPortraitUpsideDown UIInterfaceOrientationLandscapeLeft UIInterfaceOrientationLandscapeRight";
				INFOPLIST_KEY_UISupportedInterfaceOrientations_iPhone = "UIInterfaceOrientationPortrait UIInterfaceOrientationLandscapeLeft UIInterfaceOrientationLandscapeRight";
				LD_RUNPATH_SEARCH_PATHS = (
					"$(inherited)",
					"@executable_path/Frameworks",
				);
				MARKETING_VERSION = 1.0;
				PRODUCT_BUNDLE_IDENTIFIER = gustavoHoreste.FalaTu;
				PRODUCT_NAME = "$(TARGET_NAME)";
				SWIFT_EMIT_LOC_STRINGS = YES;
				SWIFT_VERSION = 5.0;
				TARGETED_DEVICE_FAMILY = "1,2";
			};
			name = Debug;
		};
		D9691C352AB8C79F00A908E8 /* Release */ = {
			isa = XCBuildConfiguration;
			buildSettings = {
				ASSETCATALOG_COMPILER_APPICON_NAME = AppIcon;
				ASSETCATALOG_COMPILER_GLOBAL_ACCENT_COLOR_NAME = AccentColor;
				CODE_SIGN_STYLE = Automatic;
				CURRENT_PROJECT_VERSION = 1;
				DEVELOPMENT_TEAM = 335BRL9A43;
				GENERATE_INFOPLIST_FILE = YES;
				INFOPLIST_FILE = FalaTu/Info.plist;
				INFOPLIST_KEY_UIApplicationSupportsIndirectInputEvents = YES;
				INFOPLIST_KEY_UILaunchStoryboardName = LaunchScreen;
				INFOPLIST_KEY_UISupportedInterfaceOrientations_iPad = "UIInterfaceOrientationPortrait UIInterfaceOrientationPortraitUpsideDown UIInterfaceOrientationLandscapeLeft UIInterfaceOrientationLandscapeRight";
				INFOPLIST_KEY_UISupportedInterfaceOrientations_iPhone = "UIInterfaceOrientationPortrait UIInterfaceOrientationLandscapeLeft UIInterfaceOrientationLandscapeRight";
				LD_RUNPATH_SEARCH_PATHS = (
					"$(inherited)",
					"@executable_path/Frameworks",
				);
				MARKETING_VERSION = 1.0;
				PRODUCT_BUNDLE_IDENTIFIER = gustavoHoreste.FalaTu;
				PRODUCT_NAME = "$(TARGET_NAME)";
				SWIFT_EMIT_LOC_STRINGS = YES;
				SWIFT_VERSION = 5.0;
				TARGETED_DEVICE_FAMILY = "1,2";
			};
			name = Release;
		};
/* End XCBuildConfiguration section */

/* Begin XCConfigurationList section */
		D9691C1A2AB8C79E00A908E8 /* Build configuration list for PBXProject "FalaTu" */ = {
			isa = XCConfigurationList;
			buildConfigurations = (
				D9691C312AB8C79F00A908E8 /* Debug */,
				D9691C322AB8C79F00A908E8 /* Release */,
			);
			defaultConfigurationIsVisible = 0;
			defaultConfigurationName = Release;
		};
		D9691C332AB8C79F00A908E8 /* Build configuration list for PBXNativeTarget "FalaTu" */ = {
			isa = XCConfigurationList;
			buildConfigurations = (
				D9691C342AB8C79F00A908E8 /* Debug */,
				D9691C352AB8C79F00A908E8 /* Release */,
			);
			defaultConfigurationIsVisible = 0;
			defaultConfigurationName = Release;
		};
/* End XCConfigurationList section */
	};
	rootObject = D9691C172AB8C79E00A908E8 /* Project object */;
}
