// !$*UTF8*$!
{
	archiveVersion = 1;
	classes = {
	};
	objectVersion = 56;
	objects = {

/* Begin PBXBuildFile section */
		26315BE62ABE29240048A370 /* InventoryView.swift in Sources */ = {isa = PBXBuildFile; fileRef = 26315BE52ABE29240048A370 /* InventoryView.swift */; };
		26315BE82ABE296A0048A370 /* InventoryViewController.swift in Sources */ = {isa = PBXBuildFile; fileRef = 26315BE72ABE296A0048A370 /* InventoryViewController.swift */; };
		26315BEA2ABF60850048A370 /* StateModel.swift in Sources */ = {isa = PBXBuildFile; fileRef = 26315BE92ABF60850048A370 /* StateModel.swift */; };
		26315BF22AC36F580048A370 /* RegionModel.swift in Sources */ = {isa = PBXBuildFile; fileRef = 26315BF12AC36F580048A370 /* RegionModel.swift */; };
		26315BF42AC372D90048A370 /* RegionSelectionViewController.swift in Sources */ = {isa = PBXBuildFile; fileRef = 26315BF32AC372D90048A370 /* RegionSelectionViewController.swift */; };
		9C2C2CCA2AC2097000E96DB0 /* ConfigViewController.swift in Sources */ = {isa = PBXBuildFile; fileRef = 9C2C2CC92AC2097000E96DB0 /* ConfigViewController.swift */; };
		9C2C2CD02AC37D6B00E96DB0 /* Model.xcdatamodeld in Sources */ = {isa = PBXBuildFile; fileRef = 9C2C2CCE2AC37D6B00E96DB0 /* Model.xcdatamodeld */; };
		B801D9F52ACDDB4E00693477 /* VictoryMinigame01ViewController.swift in Sources */ = {isa = PBXBuildFile; fileRef = B801D9F42ACDDB4E00693477 /* VictoryMinigame01ViewController.swift */; };
		B801D9F72ACDDB6200693477 /* DefeatMinigame01ViewController.swift in Sources */ = {isa = PBXBuildFile; fileRef = B801D9F62ACDDB6200693477 /* DefeatMinigame01ViewController.swift */; };
		B803C07C2AC5F14A000A1D66 /* MenuViewController.swift in Sources */ = {isa = PBXBuildFile; fileRef = B803C07B2AC5F14A000A1D66 /* MenuViewController.swift */; };
		B83FA81E2AC61F7600722C97 /* DictionaryViewController.swift in Sources */ = {isa = PBXBuildFile; fileRef = B83FA81D2AC61F7600722C97 /* DictionaryViewController.swift */; };
		B84E50BB2AC36F8900A02945 /* Coordinator.swift in Sources */ = {isa = PBXBuildFile; fileRef = B84E50BA2AC36F8900A02945 /* Coordinator.swift */; };
		B84E50BD2AC36F9800A02945 /* MainCoordinator.swift in Sources */ = {isa = PBXBuildFile; fileRef = B84E50BC2AC36F9800A02945 /* MainCoordinator.swift */; };
		B850DFBC2ACB479B0021BAE3 /* BoardView.swift in Sources */ = {isa = PBXBuildFile; fileRef = B850DFBB2ACB479B0021BAE3 /* BoardView.swift */; };
		B850DFBE2ACB480A0021BAE3 /* BoardViewController.swift in Sources */ = {isa = PBXBuildFile; fileRef = B850DFBD2ACB480A0021BAE3 /* BoardViewController.swift */; };
		B850DFC22ACB57190021BAE3 /* BottomButtonsView.swift in Sources */ = {isa = PBXBuildFile; fileRef = B850DFC12ACB57190021BAE3 /* BottomButtonsView.swift */; };
		B850DFC42ACB57340021BAE3 /* BottomButtonsViewController.swift in Sources */ = {isa = PBXBuildFile; fileRef = B850DFC32ACB57340021BAE3 /* BottomButtonsViewController.swift */; };
		B850DFC72ACB57600021BAE3 /* KeyboardView.swift in Sources */ = {isa = PBXBuildFile; fileRef = B850DFC62ACB57600021BAE3 /* KeyboardView.swift */; };
		B850DFC92ACB57780021BAE3 /* KeyboardViewController.swift in Sources */ = {isa = PBXBuildFile; fileRef = B850DFC82ACB57780021BAE3 /* KeyboardViewController.swift */; };
		B850DFCC2ACB57A40021BAE3 /* KeyCell.swift in Sources */ = {isa = PBXBuildFile; fileRef = B850DFCB2ACB57A40021BAE3 /* KeyCell.swift */; };
		B850DFCE2ACB57C40021BAE3 /* Minigame01MainView.swift in Sources */ = {isa = PBXBuildFile; fileRef = B850DFCD2ACB57C40021BAE3 /* Minigame01MainView.swift */; };
		B85802482ACF35380063C7BA /* SnapKit in Frameworks */ = {isa = PBXBuildFile; productRef = B85802472ACF35380063C7BA /* SnapKit */; };
		B858024A2ACF35380063C7BA /* SnapKit-Dynamic in Frameworks */ = {isa = PBXBuildFile; productRef = B85802492ACF35380063C7BA /* SnapKit-Dynamic */; };
		B87CA8282AC7492500291AF8 /* CreditView.swift in Sources */ = {isa = PBXBuildFile; fileRef = B87CA8272AC7492500291AF8 /* CreditView.swift */; };
		B8D2A5912ACB57EC00C4F59A /* MinigameWordDayViewController.swift in Sources */ = {isa = PBXBuildFile; fileRef = B8D2A5902ACB57EC00C4F59A /* MinigameWordDayViewController.swift */; };
		B8D2A5942ACB581C00C4F59A /* TopButtonsView.swift in Sources */ = {isa = PBXBuildFile; fileRef = B8D2A5932ACB581C00C4F59A /* TopButtonsView.swift */; };
		B8D2A5962ACB582E00C4F59A /* TopButtonsViewController.swift in Sources */ = {isa = PBXBuildFile; fileRef = B8D2A5952ACB582E00C4F59A /* TopButtonsViewController.swift */; };
		B8D2A59B2ACB593000C4F59A /* ModelMenuData.swift in Sources */ = {isa = PBXBuildFile; fileRef = B8D2A59A2ACB593000C4F59A /* ModelMenuData.swift */; };
		D958A8602ABE07A400D8D098 /* MenuCollectioViewCell.swift in Sources */ = {isa = PBXBuildFile; fileRef = D958A85F2ABE07A400D8D098 /* MenuCollectioViewCell.swift */; };
		D958A8622ABE115700D8D098 /* MenuColletionView.swift in Sources */ = {isa = PBXBuildFile; fileRef = D958A8612ABE115700D8D098 /* MenuColletionView.swift */; };
		D9691C232AB8C79E00A908E8 /* AppDelegate.swift in Sources */ = {isa = PBXBuildFile; fileRef = D9691C222AB8C79E00A908E8 /* AppDelegate.swift */; };
		D9691C252AB8C79E00A908E8 /* SceneDelegate.swift in Sources */ = {isa = PBXBuildFile; fileRef = D9691C242AB8C79E00A908E8 /* SceneDelegate.swift */; };
		D9691C2C2AB8C79F00A908E8 /* Assets.xcassets in Resources */ = {isa = PBXBuildFile; fileRef = D9691C2B2AB8C79F00A908E8 /* Assets.xcassets */; };
		D9691C3C2AB8CEAE00A908E8 /* ViewModel.swift in Sources */ = {isa = PBXBuildFile; fileRef = D9691C3B2AB8CEAE00A908E8 /* ViewModel.swift */; };
		D97417F32AC4A87600C47DF0 /* ModeRagingView.swift in Sources */ = {isa = PBXBuildFile; fileRef = D97417F22AC4A87600C47DF0 /* ModeRagingView.swift */; };
		D989DD842AC7073F00C282AB /* CoreDataManeger.swift in Sources */ = {isa = PBXBuildFile; fileRef = D989DD832AC7073F00C282AB /* CoreDataManeger.swift */; };
		D9AE14A12AC0C57400173498 /* DelegatebuttonColletionViewModel.swift in Sources */ = {isa = PBXBuildFile; fileRef = D9AE14A02AC0C57400173498 /* DelegatebuttonColletionViewModel.swift */; };
		D9AE14A52AC0D34F00173498 /* MultiplayerViewController.swift in Sources */ = {isa = PBXBuildFile; fileRef = D9AE14A42AC0D34F00173498 /* MultiplayerViewController.swift */; };
		D9AE14AC2AC0D57400173498 /* CarouselMenuComponent.swift in Sources */ = {isa = PBXBuildFile; fileRef = D9AE14AB2AC0D57400173498 /* CarouselMenuComponent.swift */; };
		D9AE14AE2AC0D90900173498 /* ViewControllerModel.swift in Sources */ = {isa = PBXBuildFile; fileRef = D9AE14AD2AC0D90900173498 /* ViewControllerModel.swift */; };
		D9CAC3992AC362F200D2063C /* PerfilMainView.swift in Sources */ = {isa = PBXBuildFile; fileRef = D9CAC3982AC362F200D2063C /* PerfilMainView.swift */; };
		D9CAC39C2AC3636B00D2063C /* PerfilViewController.swift in Sources */ = {isa = PBXBuildFile; fileRef = D9CAC39B2AC3636B00D2063C /* PerfilViewController.swift */; };
		D9CAC39F2AC36BEB00D2063C /* UserInformationView.swift in Sources */ = {isa = PBXBuildFile; fileRef = D9CAC39E2AC36BEB00D2063C /* UserInformationView.swift */; };
/* End PBXBuildFile section */

/* Begin PBXFileReference section */
		26315BE52ABE29240048A370 /* InventoryView.swift */ = {isa = PBXFileReference; lastKnownFileType = sourcecode.swift; path = InventoryView.swift; sourceTree = "<group>"; };
		26315BE72ABE296A0048A370 /* InventoryViewController.swift */ = {isa = PBXFileReference; lastKnownFileType = sourcecode.swift; path = InventoryViewController.swift; sourceTree = "<group>"; };
		26315BE92ABF60850048A370 /* StateModel.swift */ = {isa = PBXFileReference; lastKnownFileType = sourcecode.swift; path = StateModel.swift; sourceTree = "<group>"; };
		26315BF12AC36F580048A370 /* RegionModel.swift */ = {isa = PBXFileReference; lastKnownFileType = sourcecode.swift; path = RegionModel.swift; sourceTree = "<group>"; };
		26315BF32AC372D90048A370 /* RegionSelectionViewController.swift */ = {isa = PBXFileReference; lastKnownFileType = sourcecode.swift; path = RegionSelectionViewController.swift; sourceTree = "<group>"; };
		9C2C2CC92AC2097000E96DB0 /* ConfigViewController.swift */ = {isa = PBXFileReference; lastKnownFileType = sourcecode.swift; path = ConfigViewController.swift; sourceTree = "<group>"; };
		9C2C2CCF2AC37D6B00E96DB0 /* Model.xcdatamodel */ = {isa = PBXFileReference; lastKnownFileType = wrapper.xcdatamodel; path = Model.xcdatamodel; sourceTree = "<group>"; };
		B801D9F42ACDDB4E00693477 /* VictoryMinigame01ViewController.swift */ = {isa = PBXFileReference; lastKnownFileType = sourcecode.swift; path = VictoryMinigame01ViewController.swift; sourceTree = "<group>"; };
		B801D9F62ACDDB6200693477 /* DefeatMinigame01ViewController.swift */ = {isa = PBXFileReference; lastKnownFileType = sourcecode.swift; path = DefeatMinigame01ViewController.swift; sourceTree = "<group>"; };
		B801D9F82ACDDF6900693477 /* FalaTu.app */ = {isa = PBXFileReference; explicitFileType = wrapper.application; includeInIndex = 0; name = FalaTu.app; path = "/Users/giovannifavorin/Documents/Academy/Mini_Challenge02/FalaTu/build/Debug-iphoneos/FalaTu.app"; sourceTree = "<absolute>"; };
		B803C07B2AC5F14A000A1D66 /* MenuViewController.swift */ = {isa = PBXFileReference; fileEncoding = 4; lastKnownFileType = sourcecode.swift; path = MenuViewController.swift; sourceTree = "<group>"; };
		B83FA81D2AC61F7600722C97 /* DictionaryViewController.swift */ = {isa = PBXFileReference; lastKnownFileType = sourcecode.swift; path = DictionaryViewController.swift; sourceTree = "<group>"; };
		B84E50BA2AC36F8900A02945 /* Coordinator.swift */ = {isa = PBXFileReference; lastKnownFileType = sourcecode.swift; path = Coordinator.swift; sourceTree = "<group>"; };
		B84E50BC2AC36F9800A02945 /* MainCoordinator.swift */ = {isa = PBXFileReference; lastKnownFileType = sourcecode.swift; path = MainCoordinator.swift; sourceTree = "<group>"; };
		B850DFBB2ACB479B0021BAE3 /* BoardView.swift */ = {isa = PBXFileReference; lastKnownFileType = sourcecode.swift; path = BoardView.swift; sourceTree = "<group>"; };
		B850DFBD2ACB480A0021BAE3 /* BoardViewController.swift */ = {isa = PBXFileReference; lastKnownFileType = sourcecode.swift; path = BoardViewController.swift; sourceTree = "<group>"; };
		B850DFC12ACB57190021BAE3 /* BottomButtonsView.swift */ = {isa = PBXFileReference; lastKnownFileType = sourcecode.swift; path = BottomButtonsView.swift; sourceTree = "<group>"; };
		B850DFC32ACB57340021BAE3 /* BottomButtonsViewController.swift */ = {isa = PBXFileReference; lastKnownFileType = sourcecode.swift; path = BottomButtonsViewController.swift; sourceTree = "<group>"; };
		B850DFC62ACB57600021BAE3 /* KeyboardView.swift */ = {isa = PBXFileReference; lastKnownFileType = sourcecode.swift; path = KeyboardView.swift; sourceTree = "<group>"; };
		B850DFC82ACB57780021BAE3 /* KeyboardViewController.swift */ = {isa = PBXFileReference; lastKnownFileType = sourcecode.swift; path = KeyboardViewController.swift; sourceTree = "<group>"; };
		B850DFCB2ACB57A40021BAE3 /* KeyCell.swift */ = {isa = PBXFileReference; lastKnownFileType = sourcecode.swift; path = KeyCell.swift; sourceTree = "<group>"; };
		B850DFCD2ACB57C40021BAE3 /* Minigame01MainView.swift */ = {isa = PBXFileReference; lastKnownFileType = sourcecode.swift; path = Minigame01MainView.swift; sourceTree = "<group>"; };
		B87CA8272AC7492500291AF8 /* CreditView.swift */ = {isa = PBXFileReference; fileEncoding = 4; lastKnownFileType = sourcecode.swift; path = CreditView.swift; sourceTree = "<group>"; };
		B8D2A5902ACB57EC00C4F59A /* MinigameWordDayViewController.swift */ = {isa = PBXFileReference; lastKnownFileType = sourcecode.swift; path = MinigameWordDayViewController.swift; sourceTree = "<group>"; };
		B8D2A5932ACB581C00C4F59A /* TopButtonsView.swift */ = {isa = PBXFileReference; lastKnownFileType = sourcecode.swift; path = TopButtonsView.swift; sourceTree = "<group>"; };
		B8D2A5952ACB582E00C4F59A /* TopButtonsViewController.swift */ = {isa = PBXFileReference; lastKnownFileType = sourcecode.swift; path = TopButtonsViewController.swift; sourceTree = "<group>"; };
		B8D2A59A2ACB593000C4F59A /* ModelMenuData.swift */ = {isa = PBXFileReference; lastKnownFileType = sourcecode.swift; path = ModelMenuData.swift; sourceTree = "<group>"; };
		D958A85F2ABE07A400D8D098 /* MenuCollectioViewCell.swift */ = {isa = PBXFileReference; lastKnownFileType = sourcecode.swift; path = MenuCollectioViewCell.swift; sourceTree = "<group>"; };
		D958A8612ABE115700D8D098 /* MenuColletionView.swift */ = {isa = PBXFileReference; lastKnownFileType = sourcecode.swift; path = MenuColletionView.swift; sourceTree = "<group>"; };
		D9691C222AB8C79E00A908E8 /* AppDelegate.swift */ = {isa = PBXFileReference; lastKnownFileType = sourcecode.swift; path = AppDelegate.swift; sourceTree = "<group>"; };
		D9691C242AB8C79E00A908E8 /* SceneDelegate.swift */ = {isa = PBXFileReference; lastKnownFileType = sourcecode.swift; path = SceneDelegate.swift; sourceTree = "<group>"; };
		D9691C2B2AB8C79F00A908E8 /* Assets.xcassets */ = {isa = PBXFileReference; lastKnownFileType = folder.assetcatalog; path = Assets.xcassets; sourceTree = "<group>"; };
		D9691C302AB8C79F00A908E8 /* Info.plist */ = {isa = PBXFileReference; lastKnownFileType = text.plist.xml; path = Info.plist; sourceTree = "<group>"; };
		D9691C3B2AB8CEAE00A908E8 /* ViewModel.swift */ = {isa = PBXFileReference; lastKnownFileType = sourcecode.swift; path = ViewModel.swift; sourceTree = "<group>"; };
		D97417F22AC4A87600C47DF0 /* ModeRagingView.swift */ = {isa = PBXFileReference; lastKnownFileType = sourcecode.swift; path = ModeRagingView.swift; sourceTree = "<group>"; };
		D989DD832AC7073F00C282AB /* CoreDataManeger.swift */ = {isa = PBXFileReference; lastKnownFileType = sourcecode.swift; path = CoreDataManeger.swift; sourceTree = "<group>"; };
		D9AE14A02AC0C57400173498 /* DelegatebuttonColletionViewModel.swift */ = {isa = PBXFileReference; lastKnownFileType = sourcecode.swift; path = DelegatebuttonColletionViewModel.swift; sourceTree = "<group>"; };
		D9AE14A42AC0D34F00173498 /* MultiplayerViewController.swift */ = {isa = PBXFileReference; lastKnownFileType = sourcecode.swift; path = MultiplayerViewController.swift; sourceTree = "<group>"; };
		D9AE14AB2AC0D57400173498 /* CarouselMenuComponent.swift */ = {isa = PBXFileReference; lastKnownFileType = sourcecode.swift; path = CarouselMenuComponent.swift; sourceTree = "<group>"; };
		D9AE14AD2AC0D90900173498 /* ViewControllerModel.swift */ = {isa = PBXFileReference; lastKnownFileType = sourcecode.swift; path = ViewControllerModel.swift; sourceTree = "<group>"; };
		D9CAC3982AC362F200D2063C /* PerfilMainView.swift */ = {isa = PBXFileReference; lastKnownFileType = sourcecode.swift; path = PerfilMainView.swift; sourceTree = "<group>"; };
		D9CAC39B2AC3636B00D2063C /* PerfilViewController.swift */ = {isa = PBXFileReference; lastKnownFileType = sourcecode.swift; path = PerfilViewController.swift; sourceTree = "<group>"; };
		D9CAC39E2AC36BEB00D2063C /* UserInformationView.swift */ = {isa = PBXFileReference; lastKnownFileType = sourcecode.swift; path = UserInformationView.swift; sourceTree = "<group>"; };
/* End PBXFileReference section */

/* Begin PBXFrameworksBuildPhase section */
		D9691C1C2AB8C79E00A908E8 /* Frameworks */ = {
			isa = PBXFrameworksBuildPhase;
			buildActionMask = 2147483647;
			files = (
				B85802482ACF35380063C7BA /* SnapKit in Frameworks */,
				B858024A2ACF35380063C7BA /* SnapKit-Dynamic in Frameworks */,
			);
			runOnlyForDeploymentPostprocessing = 0;
		};
/* End PBXFrameworksBuildPhase section */

/* Begin PBXGroup section */
		B808092D2ACB3D720063C31A /* Games */ = {
			isa = PBXGroup;
			children = (
				D9AE14A72AC0D46E00173498 /* WordOfDay */,
				D9AE14A82AC0D49000173498 /* Multiplayer */,
			);
			path = Games;
			sourceTree = "<group>";
		};
		B808092E2ACB3D910063C31A /* Protocols */ = {
			isa = PBXGroup;
			children = (
				B80809302ACB3DB20063C31A /* ViewProtocols */,
				B808092F2ACB3D9C0063C31A /* ViewControllerProtocols */,
			);
			path = Protocols;
			sourceTree = "<group>";
		};
		B808092F2ACB3D9C0063C31A /* ViewControllerProtocols */ = {
			isa = PBXGroup;
			children = (
				D9AE14AD2AC0D90900173498 /* ViewControllerModel.swift */,
			);
			path = ViewControllerProtocols;
			sourceTree = "<group>";
		};
		B80809302ACB3DB20063C31A /* ViewProtocols */ = {
			isa = PBXGroup;
			children = (
				D9691C3B2AB8CEAE00A908E8 /* ViewModel.swift */,
				D9AE14A02AC0C57400173498 /* DelegatebuttonColletionViewModel.swift */,
			);
			path = ViewProtocols;
			sourceTree = "<group>";
		};
		B80809312ACB3DF00063C31A /* ConfigurationSettingsView */ = {
			isa = PBXGroup;
			children = (
				B83FA81A2AC61EB300722C97 /* Configurations */,
			);
			path = ConfigurationSettingsView;
			sourceTree = "<group>";
		};
		B80809332ACB3E490063C31A /* MainPage */ = {
			isa = PBXGroup;
			children = (
				B80809352ACB3E6E0063C31A /* SubViews */,
				B80809342ACB3E5F0063C31A /* ViewControllers */,
			);
			path = MainPage;
			sourceTree = "<group>";
		};
		B80809342ACB3E5F0063C31A /* ViewControllers */ = {
			isa = PBXGroup;
			children = (
				B803C07B2AC5F14A000A1D66 /* MenuViewController.swift */,
				D9AE14AB2AC0D57400173498 /* CarouselMenuComponent.swift */,
				D9CAC39B2AC3636B00D2063C /* PerfilViewController.swift */,
			);
			path = ViewControllers;
			sourceTree = "<group>";
		};
		B80809352ACB3E6E0063C31A /* SubViews */ = {
			isa = PBXGroup;
			children = (
				D9CAC39D2AC3642300D2063C /* Perfil */,
				B80809382ACB3F2B0063C31A /* CarouselView */,
				B83FA81C2AC61F3100722C97 /* Dictionary */,
				B87CA8292AC7496C00291AF8 /* Inventory */,
			);
			path = SubViews;
			sourceTree = "<group>";
		};
		B80809362ACB3EDD0063C31A /* ViewController */ = {
			isa = PBXGroup;
			children = (
				26315BE72ABE296A0048A370 /* InventoryViewController.swift */,
				26315BF32AC372D90048A370 /* RegionSelectionViewController.swift */,
			);
			path = ViewController;
			sourceTree = "<group>";
		};
		B80809372ACB3EF00063C31A /* View */ = {
			isa = PBXGroup;
			children = (
				26315BE52ABE29240048A370 /* InventoryView.swift */,
			);
			path = View;
			sourceTree = "<group>";
		};
		B80809382ACB3F2B0063C31A /* CarouselView */ = {
			isa = PBXGroup;
			children = (
				D958A85F2ABE07A400D8D098 /* MenuCollectioViewCell.swift */,
				D958A8612ABE115700D8D098 /* MenuColletionView.swift */,
			);
			path = CarouselView;
			sourceTree = "<group>";
		};
		B83FA81A2AC61EB300722C97 /* Configurations */ = {
			isa = PBXGroup;
			children = (
				9C2C2CC92AC2097000E96DB0 /* ConfigViewController.swift */,
				B84E50B72AC361DD00A02945 /* Credits */,
			);
			path = Configurations;
			sourceTree = "<group>";
		};
		B83FA81C2AC61F3100722C97 /* Dictionary */ = {
			isa = PBXGroup;
			children = (
				B83FA81D2AC61F7600722C97 /* DictionaryViewController.swift */,
			);
			path = Dictionary;
			sourceTree = "<group>";
		};
		B84E50B72AC361DD00A02945 /* Credits */ = {
			isa = PBXGroup;
			children = (
				B87CA8272AC7492500291AF8 /* CreditView.swift */,
			);
			path = Credits;
			sourceTree = "<group>";
		};
		B84E50B92AC36F7100A02945 /* Coordinator */ = {
			isa = PBXGroup;
			children = (
				B84E50BA2AC36F8900A02945 /* Coordinator.swift */,
				B84E50BC2AC36F9800A02945 /* MainCoordinator.swift */,
			);
			path = Coordinator;
			sourceTree = "<group>";
		};
		B850DFBF2ACB56EB0021BAE3 /* Board */ = {
			isa = PBXGroup;
			children = (
				B850DFBB2ACB479B0021BAE3 /* BoardView.swift */,
				B850DFBD2ACB480A0021BAE3 /* BoardViewController.swift */,
			);
			path = Board;
			sourceTree = "<group>";
		};
		B850DFC02ACB56FC0021BAE3 /* BottomButtons */ = {
			isa = PBXGroup;
			children = (
				B850DFC12ACB57190021BAE3 /* BottomButtonsView.swift */,
				B850DFC32ACB57340021BAE3 /* BottomButtonsViewController.swift */,
			);
			path = BottomButtons;
			sourceTree = "<group>";
		};
		B850DFC52ACB574B0021BAE3 /* Keyboard */ = {
			isa = PBXGroup;
			children = (
				B850DFC62ACB57600021BAE3 /* KeyboardView.swift */,
				B850DFC82ACB57780021BAE3 /* KeyboardViewController.swift */,
			);
			path = Keyboard;
			sourceTree = "<group>";
		};
		B850DFCA2ACB57910021BAE3 /* Minigame */ = {
			isa = PBXGroup;
			children = (
				B850DFCB2ACB57A40021BAE3 /* KeyCell.swift */,
				B850DFCD2ACB57C40021BAE3 /* Minigame01MainView.swift */,
				B8D2A5902ACB57EC00C4F59A /* MinigameWordDayViewController.swift */,
			);
			path = Minigame;
			sourceTree = "<group>";
		};
		B866D4E52ACC932300EF32AE /* End */ = {
			isa = PBXGroup;
			children = (
				B801D9F42ACDDB4E00693477 /* VictoryMinigame01ViewController.swift */,
				B801D9F62ACDDB6200693477 /* DefeatMinigame01ViewController.swift */,
			);
			path = End;
			sourceTree = "<group>";
		};
		B87CA8292AC7496C00291AF8 /* Inventory */ = {
			isa = PBXGroup;
			children = (
				B80809372ACB3EF00063C31A /* View */,
				B80809362ACB3EDD0063C31A /* ViewController */,
			);
			path = Inventory;
			sourceTree = "<group>";
		};
		B8D2A5922ACB580E00C4F59A /* TopButtons */ = {
			isa = PBXGroup;
			children = (
				B8D2A5932ACB581C00C4F59A /* TopButtonsView.swift */,
				B8D2A5952ACB582E00C4F59A /* TopButtonsViewController.swift */,
			);
			path = TopButtons;
			sourceTree = "<group>";
		};
		D9691C162AB8C79E00A908E8 = {
			isa = PBXGroup;
			children = (
				D9691C212AB8C79E00A908E8 /* FalaTu */,
			);
			sourceTree = "<group>";
		};
		D9691C212AB8C79E00A908E8 /* FalaTu */ = {
			isa = PBXGroup;
			children = (
				D9691C392AB8C82A00A908E8 /* System */,
				D9691C302AB8C79F00A908E8 /* Info.plist */,
				B808092D2ACB3D720063C31A /* Games */,
				B80809332ACB3E490063C31A /* MainPage */,
				B80809312ACB3DF00063C31A /* ConfigurationSettingsView */,
				B808092E2ACB3D910063C31A /* Protocols */,
				D9691C362AB8C7FB00A908E8 /* Model */,
				B84E50B92AC36F7100A02945 /* Coordinator */,
			);
			path = FalaTu;
			sourceTree = "<group>";
		};
		D9691C362AB8C7FB00A908E8 /* Model */ = {
			isa = PBXGroup;
			children = (
				9C2C2CCE2AC37D6B00E96DB0 /* Model.xcdatamodeld */,
				26315BE92ABF60850048A370 /* StateModel.swift */,
				26315BF12AC36F580048A370 /* RegionModel.swift */,
				D989DD832AC7073F00C282AB /* CoreDataManeger.swift */,
				B8D2A59A2ACB593000C4F59A /* ModelMenuData.swift */,
			);
			path = Model;
			sourceTree = "<group>";
		};
		D9691C392AB8C82A00A908E8 /* System */ = {
			isa = PBXGroup;
			children = (
				D9691C222AB8C79E00A908E8 /* AppDelegate.swift */,
				D9691C242AB8C79E00A908E8 /* SceneDelegate.swift */,
				D9691C2B2AB8C79F00A908E8 /* Assets.xcassets */,
			);
			path = System;
			sourceTree = "<group>";
		};
		D9AE14A72AC0D46E00173498 /* WordOfDay */ = {
			isa = PBXGroup;
			children = (
				B866D4E52ACC932300EF32AE /* End */,
				B8D2A5922ACB580E00C4F59A /* TopButtons */,
				B850DFCA2ACB57910021BAE3 /* Minigame */,
				B850DFC52ACB574B0021BAE3 /* Keyboard */,
				B850DFC02ACB56FC0021BAE3 /* BottomButtons */,
				B850DFBF2ACB56EB0021BAE3 /* Board */,
			);
			path = WordOfDay;
			sourceTree = "<group>";
		};
		D9AE14A82AC0D49000173498 /* Multiplayer */ = {
			isa = PBXGroup;
			children = (
				D9AE14A42AC0D34F00173498 /* MultiplayerViewController.swift */,
			);
			path = Multiplayer;
			sourceTree = "<group>";
		};
		D9CAC39D2AC3642300D2063C /* Perfil */ = {
			isa = PBXGroup;
			children = (
				D9CAC3982AC362F200D2063C /* PerfilMainView.swift */,
				D9CAC39E2AC36BEB00D2063C /* UserInformationView.swift */,
				D97417F22AC4A87600C47DF0 /* ModeRagingView.swift */,
			);
			path = Perfil;
			sourceTree = "<group>";
		};
/* End PBXGroup section */

/* Begin PBXNativeTarget section */
		D9691C1E2AB8C79E00A908E8 /* FalaTu */ = {
			isa = PBXNativeTarget;
			buildConfigurationList = D9691C332AB8C79F00A908E8 /* Build configuration list for PBXNativeTarget "FalaTu" */;
			buildPhases = (
				D9691C1B2AB8C79E00A908E8 /* Sources */,
				D9691C1C2AB8C79E00A908E8 /* Frameworks */,
				D9691C1D2AB8C79E00A908E8 /* Resources */,
			);
			buildRules = (
			);
			dependencies = (
			);
			name = FalaTu;
			packageProductDependencies = (
				B85802472ACF35380063C7BA /* SnapKit */,
				B85802492ACF35380063C7BA /* SnapKit-Dynamic */,
			);
			productName = FalaTu;
			productReference = B801D9F82ACDDF6900693477 /* FalaTu.app */;
			productType = "com.apple.product-type.application";
		};
/* End PBXNativeTarget section */

/* Begin PBXProject section */
		D9691C172AB8C79E00A908E8 /* Project object */ = {
			isa = PBXProject;
			attributes = {
				BuildIndependentTargetsInParallel = 1;
				LastSwiftUpdateCheck = 1430;
				LastUpgradeCheck = 1430;
				TargetAttributes = {
					D9691C1E2AB8C79E00A908E8 = {
						CreatedOnToolsVersion = 14.3.1;
					};
				};
			};
			buildConfigurationList = D9691C1A2AB8C79E00A908E8 /* Build configuration list for PBXProject "FalaTu" */;
			compatibilityVersion = "Xcode 14.0";
			developmentRegion = en;
			hasScannedForEncodings = 0;
			knownRegions = (
				en,
				Base,
			);
			mainGroup = D9691C162AB8C79E00A908E8;
			packageReferences = (
				B85802462ACF35380063C7BA /* XCRemoteSwiftPackageReference "SnapKit" */,
			);
			productRefGroup = D9691C162AB8C79E00A908E8;
			projectDirPath = "";
			projectRoot = "";
			targets = (
				D9691C1E2AB8C79E00A908E8 /* FalaTu */,
			);
		};
/* End PBXProject section */

/* Begin PBXResourcesBuildPhase section */
		D9691C1D2AB8C79E00A908E8 /* Resources */ = {
			isa = PBXResourcesBuildPhase;
			buildActionMask = 2147483647;
			files = (
				D9691C2C2AB8C79F00A908E8 /* Assets.xcassets in Resources */,
			);
			runOnlyForDeploymentPostprocessing = 0;
		};
/* End PBXResourcesBuildPhase section */

/* Begin PBXSourcesBuildPhase section */
		D9691C1B2AB8C79E00A908E8 /* Sources */ = {
			isa = PBXSourcesBuildPhase;
			buildActionMask = 2147483647;
			files = (
				B84E50BD2AC36F9800A02945 /* MainCoordinator.swift in Sources */,
				B84E50BB2AC36F8900A02945 /* Coordinator.swift in Sources */,
				D9CAC3992AC362F200D2063C /* PerfilMainView.swift in Sources */,
				B8D2A59B2ACB593000C4F59A /* ModelMenuData.swift in Sources */,
				B8D2A5942ACB581C00C4F59A /* TopButtonsView.swift in Sources */,
				B850DFBC2ACB479B0021BAE3 /* BoardView.swift in Sources */,
				D9AE14AE2AC0D90900173498 /* ViewControllerModel.swift in Sources */,
				B850DFCC2ACB57A40021BAE3 /* KeyCell.swift in Sources */,
				D9CAC39F2AC36BEB00D2063C /* UserInformationView.swift in Sources */,
				D958A8602ABE07A400D8D098 /* MenuCollectioViewCell.swift in Sources */,
				B8D2A5912ACB57EC00C4F59A /* MinigameWordDayViewController.swift in Sources */,
				D958A8622ABE115700D8D098 /* MenuColletionView.swift in Sources */,
				D9691C232AB8C79E00A908E8 /* AppDelegate.swift in Sources */,
				D9AE14A12AC0C57400173498 /* DelegatebuttonColletionViewModel.swift in Sources */,
				B8D2A5962ACB582E00C4F59A /* TopButtonsViewController.swift in Sources */,
				D97417F32AC4A87600C47DF0 /* ModeRagingView.swift in Sources */,
				B83FA81E2AC61F7600722C97 /* DictionaryViewController.swift in Sources */,
				B850DFC22ACB57190021BAE3 /* BottomButtonsView.swift in Sources */,
				D9CAC39C2AC3636B00D2063C /* PerfilViewController.swift in Sources */,
				D9AE14A52AC0D34F00173498 /* MultiplayerViewController.swift in Sources */,
				B850DFC42ACB57340021BAE3 /* BottomButtonsViewController.swift in Sources */,
				D9691C3C2AB8CEAE00A908E8 /* ViewModel.swift in Sources */,
				D9AE14AC2AC0D57400173498 /* CarouselMenuComponent.swift in Sources */,
				B87CA8282AC7492500291AF8 /* CreditView.swift in Sources */,
				B850DFCE2ACB57C40021BAE3 /* Minigame01MainView.swift in Sources */,
				9C2C2CD02AC37D6B00E96DB0 /* Model.xcdatamodeld in Sources */,
				D989DD842AC7073F00C282AB /* CoreDataManeger.swift in Sources */,
				9C2C2CCA2AC2097000E96DB0 /* ConfigViewController.swift in Sources */,
				B850DFC72ACB57600021BAE3 /* KeyboardView.swift in Sources */,
				D9691C252AB8C79E00A908E8 /* SceneDelegate.swift in Sources */,
				B801D9F52ACDDB4E00693477 /* VictoryMinigame01ViewController.swift in Sources */,
				B803C07C2AC5F14A000A1D66 /* MenuViewController.swift in Sources */,
				26315BEA2ABF60850048A370 /* StateModel.swift in Sources */,
				B801D9F72ACDDB6200693477 /* DefeatMinigame01ViewController.swift in Sources */,
				26315BE82ABE296A0048A370 /* InventoryViewController.swift in Sources */,
				26315BF22AC36F580048A370 /* RegionModel.swift in Sources */,
				B850DFC92ACB57780021BAE3 /* KeyboardViewController.swift in Sources */,
				26315BE62ABE29240048A370 /* InventoryView.swift in Sources */,
				26315BF42AC372D90048A370 /* RegionSelectionViewController.swift in Sources */,
				B850DFBE2ACB480A0021BAE3 /* BoardViewController.swift in Sources */,
			);
			runOnlyForDeploymentPostprocessing = 0;
		};
/* End PBXSourcesBuildPhase section */

/* Begin XCBuildConfiguration section */
		D9691C312AB8C79F00A908E8 /* Debug */ = {
			isa = XCBuildConfiguration;
			buildSettings = {
				ALWAYS_SEARCH_USER_PATHS = NO;
				CLANG_ANALYZER_NONNULL = YES;
				CLANG_ANALYZER_NUMBER_OBJECT_CONVERSION = YES_AGGRESSIVE;
				CLANG_CXX_LANGUAGE_STANDARD = "gnu++20";
				CLANG_ENABLE_MODULES = YES;
				CLANG_ENABLE_OBJC_ARC = YES;
				CLANG_ENABLE_OBJC_WEAK = YES;
				CLANG_WARN_BLOCK_CAPTURE_AUTORELEASING = YES;
				CLANG_WARN_BOOL_CONVERSION = YES;
				CLANG_WARN_COMMA = YES;
				CLANG_WARN_CONSTANT_CONVERSION = YES;
				CLANG_WARN_DEPRECATED_OBJC_IMPLEMENTATIONS = YES;
				CLANG_WARN_DIRECT_OBJC_ISA_USAGE = YES_ERROR;
				CLANG_WARN_DOCUMENTATION_COMMENTS = YES;
				CLANG_WARN_EMPTY_BODY = YES;
				CLANG_WARN_ENUM_CONVERSION = YES;
				CLANG_WARN_INFINITE_RECURSION = YES;
				CLANG_WARN_INT_CONVERSION = YES;
				CLANG_WARN_NON_LITERAL_NULL_CONVERSION = YES;
				CLANG_WARN_OBJC_IMPLICIT_RETAIN_SELF = YES;
				CLANG_WARN_OBJC_LITERAL_CONVERSION = YES;
				CLANG_WARN_OBJC_ROOT_CLASS = YES_ERROR;
				CLANG_WARN_QUOTED_INCLUDE_IN_FRAMEWORK_HEADER = YES;
				CLANG_WARN_RANGE_LOOP_ANALYSIS = YES;
				CLANG_WARN_STRICT_PROTOTYPES = YES;
				CLANG_WARN_SUSPICIOUS_MOVE = YES;
				CLANG_WARN_UNGUARDED_AVAILABILITY = YES_AGGRESSIVE;
				CLANG_WARN_UNREACHABLE_CODE = YES;
				CLANG_WARN__DUPLICATE_METHOD_MATCH = YES;
				COPY_PHASE_STRIP = NO;
				DEBUG_INFORMATION_FORMAT = dwarf;
				ENABLE_STRICT_OBJC_MSGSEND = YES;
				ENABLE_TESTABILITY = YES;
				GCC_C_LANGUAGE_STANDARD = gnu11;
				GCC_DYNAMIC_NO_PIC = NO;
				GCC_NO_COMMON_BLOCKS = YES;
				GCC_OPTIMIZATION_LEVEL = 0;
				GCC_PREPROCESSOR_DEFINITIONS = (
					"DEBUG=1",
					"$(inherited)",
				);
				GCC_WARN_64_TO_32_BIT_CONVERSION = YES;
				GCC_WARN_ABOUT_RETURN_TYPE = YES_ERROR;
				GCC_WARN_UNDECLARED_SELECTOR = YES;
				GCC_WARN_UNINITIALIZED_AUTOS = YES_AGGRESSIVE;
				GCC_WARN_UNUSED_FUNCTION = YES;
				GCC_WARN_UNUSED_VARIABLE = YES;
				IPHONEOS_DEPLOYMENT_TARGET = 15.0;
				MTL_ENABLE_DEBUG_INFO = INCLUDE_SOURCE;
				MTL_FAST_MATH = YES;
				ONLY_ACTIVE_ARCH = YES;
				SDKROOT = iphoneos;
				SWIFT_ACTIVE_COMPILATION_CONDITIONS = DEBUG;
				SWIFT_OPTIMIZATION_LEVEL = "-Onone";
			};
			name = Debug;
		};
		D9691C322AB8C79F00A908E8 /* Release */ = {
			isa = XCBuildConfiguration;
			buildSettings = {
				ALWAYS_SEARCH_USER_PATHS = NO;
				CLANG_ANALYZER_NONNULL = YES;
				CLANG_ANALYZER_NUMBER_OBJECT_CONVERSION = YES_AGGRESSIVE;
				CLANG_CXX_LANGUAGE_STANDARD = "gnu++20";
				CLANG_ENABLE_MODULES = YES;
				CLANG_ENABLE_OBJC_ARC = YES;
				CLANG_ENABLE_OBJC_WEAK = YES;
				CLANG_WARN_BLOCK_CAPTURE_AUTORELEASING = YES;
				CLANG_WARN_BOOL_CONVERSION = YES;
				CLANG_WARN_COMMA = YES;
				CLANG_WARN_CONSTANT_CONVERSION = YES;
				CLANG_WARN_DEPRECATED_OBJC_IMPLEMENTATIONS = YES;
				CLANG_WARN_DIRECT_OBJC_ISA_USAGE = YES_ERROR;
				CLANG_WARN_DOCUMENTATION_COMMENTS = YES;
				CLANG_WARN_EMPTY_BODY = YES;
				CLANG_WARN_ENUM_CONVERSION = YES;
				CLANG_WARN_INFINITE_RECURSION = YES;
				CLANG_WARN_INT_CONVERSION = YES;
				CLANG_WARN_NON_LITERAL_NULL_CONVERSION = YES;
				CLANG_WARN_OBJC_IMPLICIT_RETAIN_SELF = YES;
				CLANG_WARN_OBJC_LITERAL_CONVERSION = YES;
				CLANG_WARN_OBJC_ROOT_CLASS = YES_ERROR;
				CLANG_WARN_QUOTED_INCLUDE_IN_FRAMEWORK_HEADER = YES;
				CLANG_WARN_RANGE_LOOP_ANALYSIS = YES;
				CLANG_WARN_STRICT_PROTOTYPES = YES;
				CLANG_WARN_SUSPICIOUS_MOVE = YES;
				CLANG_WARN_UNGUARDED_AVAILABILITY = YES_AGGRESSIVE;
				CLANG_WARN_UNREACHABLE_CODE = YES;
				CLANG_WARN__DUPLICATE_METHOD_MATCH = YES;
				COPY_PHASE_STRIP = NO;
				DEBUG_INFORMATION_FORMAT = "dwarf-with-dsym";
				ENABLE_NS_ASSERTIONS = NO;
				ENABLE_STRICT_OBJC_MSGSEND = YES;
				GCC_C_LANGUAGE_STANDARD = gnu11;
				GCC_NO_COMMON_BLOCKS = YES;
				GCC_WARN_64_TO_32_BIT_CONVERSION = YES;
				GCC_WARN_ABOUT_RETURN_TYPE = YES_ERROR;
				GCC_WARN_UNDECLARED_SELECTOR = YES;
				GCC_WARN_UNINITIALIZED_AUTOS = YES_AGGRESSIVE;
				GCC_WARN_UNUSED_FUNCTION = YES;
				GCC_WARN_UNUSED_VARIABLE = YES;
				IPHONEOS_DEPLOYMENT_TARGET = 15.0;
				MTL_ENABLE_DEBUG_INFO = NO;
				MTL_FAST_MATH = YES;
				SDKROOT = iphoneos;
				SWIFT_COMPILATION_MODE = wholemodule;
				SWIFT_OPTIMIZATION_LEVEL = "-O";
				VALIDATE_PRODUCT = YES;
			};
			name = Release;
		};
		D9691C342AB8C79F00A908E8 /* Debug */ = {
			isa = XCBuildConfiguration;
			buildSettings = {
				ASSETCATALOG_COMPILER_APPICON_NAME = AppIcon;
				ASSETCATALOG_COMPILER_GLOBAL_ACCENT_COLOR_NAME = AccentColor;
				CODE_SIGN_STYLE = Automatic;
				CURRENT_PROJECT_VERSION = 1;
				DEVELOPMENT_TEAM = TLC9D54B8V;
				GENERATE_INFOPLIST_FILE = YES;
				INFOPLIST_FILE = FalaTu/Info.plist;
				INFOPLIST_KEY_UIApplicationSupportsIndirectInputEvents = YES;
				INFOPLIST_KEY_UILaunchStoryboardName = LaunchScreen;
				INFOPLIST_KEY_UISupportedInterfaceOrientations_iPad = "UIInterfaceOrientationPortrait UIInterfaceOrientationPortraitUpsideDown UIInterfaceOrientationLandscapeLeft UIInterfaceOrientationLandscapeRight";
				INFOPLIST_KEY_UISupportedInterfaceOrientations_iPhone = "UIInterfaceOrientationPortrait UIInterfaceOrientationLandscapeLeft UIInterfaceOrientationLandscapeRight";
				LD_RUNPATH_SEARCH_PATHS = (
					"$(inherited)",
					"@executable_path/Frameworks",
				);
				MARKETING_VERSION = 1.0;
				PRODUCT_BUNDLE_IDENTIFIER = gustavoHoreste.FalaTu;
				PRODUCT_NAME = "$(TARGET_NAME)";
				SWIFT_EMIT_LOC_STRINGS = YES;
				SWIFT_VERSION = 5.0;
				TARGETED_DEVICE_FAMILY = "1,2";
			};
			name = Debug;
		};
		D9691C352AB8C79F00A908E8 /* Release */ = {
			isa = XCBuildConfiguration;
			buildSettings = {
				ASSETCATALOG_COMPILER_APPICON_NAME = AppIcon;
				ASSETCATALOG_COMPILER_GLOBAL_ACCENT_COLOR_NAME = AccentColor;
				CODE_SIGN_STYLE = Automatic;
				CURRENT_PROJECT_VERSION = 1;
				DEVELOPMENT_TEAM = TLC9D54B8V;
				GENERATE_INFOPLIST_FILE = YES;
				INFOPLIST_FILE = FalaTu/Info.plist;
				INFOPLIST_KEY_UIApplicationSupportsIndirectInputEvents = YES;
				INFOPLIST_KEY_UILaunchStoryboardName = LaunchScreen;
				INFOPLIST_KEY_UISupportedInterfaceOrientations_iPad = "UIInterfaceOrientationPortrait UIInterfaceOrientationPortraitUpsideDown UIInterfaceOrientationLandscapeLeft UIInterfaceOrientationLandscapeRight";
				INFOPLIST_KEY_UISupportedInterfaceOrientations_iPhone = "UIInterfaceOrientationPortrait UIInterfaceOrientationLandscapeLeft UIInterfaceOrientationLandscapeRight";
				LD_RUNPATH_SEARCH_PATHS = (
					"$(inherited)",
					"@executable_path/Frameworks",
				);
				MARKETING_VERSION = 1.0;
				PRODUCT_BUNDLE_IDENTIFIER = gustavoHoreste.FalaTu;
				PRODUCT_NAME = "$(TARGET_NAME)";
				SWIFT_EMIT_LOC_STRINGS = YES;
				SWIFT_VERSION = 5.0;
				TARGETED_DEVICE_FAMILY = "1,2";
			};
			name = Release;
		};
/* End XCBuildConfiguration section */

/* Begin XCConfigurationList section */
		D9691C1A2AB8C79E00A908E8 /* Build configuration list for PBXProject "FalaTu" */ = {
			isa = XCConfigurationList;
			buildConfigurations = (
				D9691C312AB8C79F00A908E8 /* Debug */,
				D9691C322AB8C79F00A908E8 /* Release */,
			);
			defaultConfigurationIsVisible = 0;
			defaultConfigurationName = Release;
		};
		D9691C332AB8C79F00A908E8 /* Build configuration list for PBXNativeTarget "FalaTu" */ = {
			isa = XCConfigurationList;
			buildConfigurations = (
				D9691C342AB8C79F00A908E8 /* Debug */,
				D9691C352AB8C79F00A908E8 /* Release */,
			);
			defaultConfigurationIsVisible = 0;
			defaultConfigurationName = Release;
		};
/* End XCConfigurationList section */

/* Begin XCRemoteSwiftPackageReference section */
		B85802462ACF35380063C7BA /* XCRemoteSwiftPackageReference "SnapKit" */ = {
			isa = XCRemoteSwiftPackageReference;
			repositoryURL = "https://github.com/SnapKit/SnapKit.git";
			requirement = {
				kind = upToNextMajorVersion;
				minimumVersion = 5.6.0;
			};
		};
/* End XCRemoteSwiftPackageReference section */

/* Begin XCSwiftPackageProductDependency section */
		B85802472ACF35380063C7BA /* SnapKit */ = {
			isa = XCSwiftPackageProductDependency;
			package = B85802462ACF35380063C7BA /* XCRemoteSwiftPackageReference "SnapKit" */;
			productName = SnapKit;
		};
		B85802492ACF35380063C7BA /* SnapKit-Dynamic */ = {
			isa = XCSwiftPackageProductDependency;
			package = B85802462ACF35380063C7BA /* XCRemoteSwiftPackageReference "SnapKit" */;
			productName = "SnapKit-Dynamic";
		};
/* End XCSwiftPackageProductDependency section */

/* Begin XCVersionGroup section */
		9C2C2CCE2AC37D6B00E96DB0 /* Model.xcdatamodeld */ = {
			isa = XCVersionGroup;
			children = (
				9C2C2CCF2AC37D6B00E96DB0 /* Model.xcdatamodel */,
			);
			currentVersion = 9C2C2CCF2AC37D6B00E96DB0 /* Model.xcdatamodel */;
			path = Model.xcdatamodeld;
			sourceTree = "<group>";
			versionGroupType = wrapper.xcdatamodel;
		};
/* End XCVersionGroup section */
	};
	rootObject = D9691C172AB8C79E00A908E8 /* Project object */;
}
